{
  "originHash" : "d4f1460d6461f9d264d5396f6eb6e426a5c82df6fef3bb34b1a37f7b223f1cef",
  "pins" : [
    {
      "identity" : "freetype-spm",
      "kind" : "remoteSourceControl",
      "location" : "https://github.com/tomasf/freetype-spm.git",
      "state" : {
        "revision" : "93b117ac4d533090124d44180c9e648ec9e2df94",
        "version" : "1.0.1"
      }
    }
  ],
  "version" : 3
}
